
Microsoft Visual Studio Solution File, Format Version 12.00
# Visual Studio Version 16
VisualStudioVersion = 16.0.30907.101
MinimumVisualStudioVersion = 10.0.40219.1
Project("{FAE04EC0-301F-11D3-BF4B-00C04F79EFBC}") = "Assessment - String Concatenation", "Assessment - String Concatenation\Assessment - String Concatenation.csproj", "{D4E301D8-62C8-4637-9C4C-B07E7DA90F6F}"
EndProject
Global
	GlobalSection(SolutionConfigurationPlatforms) = preSolution
		Debug|Any CPU = Debug|Any CPU
		Release|Any CPU = Release|Any CPU
	EndGlobalSection
	GlobalSection(ProjectConfigurationPlatforms) = postSolution
		{D4E301D8-62C8-4637-9C4C-B07E7DA90F6F}.Debug|Any CPU.ActiveCfg = Debug|Any CPU
		{D4E301D8-62C8-4637-9C4C-B07E7DA90F6F}.Debug|Any CPU.Build.0 = Debug|Any CPU
		{D4E301D8-62C8-4637-9C4C-B07E7DA90F6F}.Release|Any CPU.ActiveCfg = Release|Any CPU
		{D4E301D8-62C8-4637-9C4C-B07E7DA90F6F}.Release|Any CPU.Build.0 = Release|Any CPU
	EndGlobalSection
	GlobalSection(SolutionProperties) = preSolution
		HideSolutionNode = FALSE
	EndGlobalSection
	GlobalSection(ExtensibilityGlobals) = postSolution
		SolutionGuid = {0B0BECB6-BB54-45EA-A0C5-78997DE54905}
	EndGlobalSection
EndGlobal
